// !$*UTF8*$!
{
	archiveVersion = 1;
	classes = {
	};
	objectVersion = 56;
	objects = {

/* Begin PBXBuildFile section */
		CE601B492A6F36C500AC4DCD /* NavBarController.swift in Sources */ = {isa = PBXBuildFile; fileRef = CE601B482A6F36C500AC4DCD /* NavBarController.swift */; };
		CE601B4F2A6F3A1800AC4DCD /* BaseController.swift in Sources */ = {isa = PBXBuildFile; fileRef = CE601B4E2A6F3A1800AC4DCD /* BaseController.swift */; };
		CE601B532A6F3F4B00AC4DCD /* UIView+ext.swift in Sources */ = {isa = PBXBuildFile; fileRef = CE601B522A6F3F4B00AC4DCD /* UIView+ext.swift */; };
		CE601B652A70168B00AC4DCD /* SettingsController.swift in Sources */ = {isa = PBXBuildFile; fileRef = CE601B642A70168B00AC4DCD /* SettingsController.swift */; };
		CE601B672A70169A00AC4DCD /* ProgressController.swift in Sources */ = {isa = PBXBuildFile; fileRef = CE601B662A70169A00AC4DCD /* ProgressController.swift */; };
		CE601B6B2A7016CD00AC4DCD /* SessionController.swift in Sources */ = {isa = PBXBuildFile; fileRef = CE601B6A2A7016CD00AC4DCD /* SessionController.swift */; };
		CE601B712A7035AB00AC4DCD /* SecondaryButton.swift in Sources */ = {isa = PBXBuildFile; fileRef = CE601B702A7035AB00AC4DCD /* SecondaryButton.swift */; };
		CE601B732A706ACA00AC4DCD /* OverviewNavBar.swift in Sources */ = {isa = PBXBuildFile; fileRef = CE601B722A706ACA00AC4DCD /* OverviewNavBar.swift */; };
		CE601B772A706B5100AC4DCD /* BaseView.swift in Sources */ = {isa = PBXBuildFile; fileRef = CE601B762A706B5000AC4DCD /* BaseView.swift */; };
		CE601B7F2A7197E300AC4DCD /* WeekView.swift in Sources */ = {isa = PBXBuildFile; fileRef = CE601B7E2A7197E300AC4DCD /* WeekView.swift */; };
		CE601B832A71A4FD00AC4DCD /* WeekdayView.swift in Sources */ = {isa = PBXBuildFile; fileRef = CE601B822A71A4FD00AC4DCD /* WeekdayView.swift */; };
		CE601B872A71E72100AC4DCD /* Date+ext.swift in Sources */ = {isa = PBXBuildFile; fileRef = CE601B862A71E72100AC4DCD /* Date+ext.swift */; };
		CE601B8F2A7205D900AC4DCD /* BaseInfoView.swift in Sources */ = {isa = PBXBuildFile; fileRef = CE601B8E2A7205D900AC4DCD /* BaseInfoView.swift */; };
		CE6931EA2A6F02F800851F22 /* UIColor+ext.swift in Sources */ = {isa = PBXBuildFile; fileRef = CE6931E92A6F02F800851F22 /* UIColor+ext.swift */; };
		CE6931F02A6F052500851F22 /* R.swift in Sources */ = {isa = PBXBuildFile; fileRef = CE6931EF2A6F052500851F22 /* R.swift */; };
		CE8929852A6DF4CF0088081D /* AppDelegate.swift in Sources */ = {isa = PBXBuildFile; fileRef = CE8929842A6DF4CF0088081D /* AppDelegate.swift */; };
		CE8929872A6DF4CF0088081D /* SceneDelegate.swift in Sources */ = {isa = PBXBuildFile; fileRef = CE8929862A6DF4CF0088081D /* SceneDelegate.swift */; };
		CE8929892A6DF4CF0088081D /* OverviewController.swift in Sources */ = {isa = PBXBuildFile; fileRef = CE8929882A6DF4CF0088081D /* OverviewController.swift */; };
		CE89298E2A6DF4D00088081D /* Assets.xcassets in Resources */ = {isa = PBXBuildFile; fileRef = CE89298D2A6DF4D00088081D /* Assets.xcassets */; };
		CE8929912A6DF4D00088081D /* LaunchScreen.storyboard in Resources */ = {isa = PBXBuildFile; fileRef = CE89298F2A6DF4D00088081D /* LaunchScreen.storyboard */; };
		CE8929BF2A6EB7FA0088081D /* TabBarController.swift in Sources */ = {isa = PBXBuildFile; fileRef = CE8929BE2A6EB7FA0088081D /* TabBarController.swift */; };
/* End PBXBuildFile section */

/* Begin PBXFileReference section */
		CE601B482A6F36C500AC4DCD /* NavBarController.swift */ = {isa = PBXFileReference; lastKnownFileType = sourcecode.swift; path = NavBarController.swift; sourceTree = "<group>"; };
		CE601B4E2A6F3A1800AC4DCD /* BaseController.swift */ = {isa = PBXFileReference; lastKnownFileType = sourcecode.swift; path = BaseController.swift; sourceTree = "<group>"; };
		CE601B522A6F3F4B00AC4DCD /* UIView+ext.swift */ = {isa = PBXFileReference; lastKnownFileType = sourcecode.swift; path = "UIView+ext.swift"; sourceTree = "<group>"; };
		CE601B642A70168B00AC4DCD /* SettingsController.swift */ = {isa = PBXFileReference; lastKnownFileType = sourcecode.swift; path = SettingsController.swift; sourceTree = "<group>"; };
		CE601B662A70169A00AC4DCD /* ProgressController.swift */ = {isa = PBXFileReference; lastKnownFileType = sourcecode.swift; path = ProgressController.swift; sourceTree = "<group>"; };
		CE601B6A2A7016CD00AC4DCD /* SessionController.swift */ = {isa = PBXFileReference; lastKnownFileType = sourcecode.swift; path = SessionController.swift; sourceTree = "<group>"; };
		CE601B702A7035AB00AC4DCD /* SecondaryButton.swift */ = {isa = PBXFileReference; lastKnownFileType = sourcecode.swift; path = SecondaryButton.swift; sourceTree = "<group>"; };
		CE601B722A706ACA00AC4DCD /* OverviewNavBar.swift */ = {isa = PBXFileReference; lastKnownFileType = sourcecode.swift; path = OverviewNavBar.swift; sourceTree = "<group>"; };
		CE601B762A706B5000AC4DCD /* BaseView.swift */ = {isa = PBXFileReference; lastKnownFileType = sourcecode.swift; path = BaseView.swift; sourceTree = "<group>"; };
		CE601B7E2A7197E300AC4DCD /* WeekView.swift */ = {isa = PBXFileReference; lastKnownFileType = sourcecode.swift; path = WeekView.swift; sourceTree = "<group>"; };
		CE601B822A71A4FD00AC4DCD /* WeekdayView.swift */ = {isa = PBXFileReference; lastKnownFileType = sourcecode.swift; path = WeekdayView.swift; sourceTree = "<group>"; };
		CE601B862A71E72100AC4DCD /* Date+ext.swift */ = {isa = PBXFileReference; lastKnownFileType = sourcecode.swift; path = "Date+ext.swift"; sourceTree = "<group>"; };
		CE601B8E2A7205D900AC4DCD /* BaseInfoView.swift */ = {isa = PBXFileReference; lastKnownFileType = sourcecode.swift; path = BaseInfoView.swift; sourceTree = "<group>"; };
		CE6931E92A6F02F800851F22 /* UIColor+ext.swift */ = {isa = PBXFileReference; lastKnownFileType = sourcecode.swift; path = "UIColor+ext.swift"; sourceTree = "<group>"; };
		CE6931EF2A6F052500851F22 /* R.swift */ = {isa = PBXFileReference; lastKnownFileType = sourcecode.swift; path = R.swift; sourceTree = "<group>"; };
		CE8929812A6DF4CF0088081D /* GSLP 3x5.app */ = {isa = PBXFileReference; explicitFileType = wrapper.application; includeInIndex = 0; path = "GSLP 3x5.app"; sourceTree = BUILT_PRODUCTS_DIR; };
		CE8929842A6DF4CF0088081D /* AppDelegate.swift */ = {isa = PBXFileReference; lastKnownFileType = sourcecode.swift; path = AppDelegate.swift; sourceTree = "<group>"; };
		CE8929862A6DF4CF0088081D /* SceneDelegate.swift */ = {isa = PBXFileReference; lastKnownFileType = sourcecode.swift; path = SceneDelegate.swift; sourceTree = "<group>"; };
		CE8929882A6DF4CF0088081D /* OverviewController.swift */ = {isa = PBXFileReference; lastKnownFileType = sourcecode.swift; path = OverviewController.swift; sourceTree = "<group>"; };
		CE89298D2A6DF4D00088081D /* Assets.xcassets */ = {isa = PBXFileReference; lastKnownFileType = folder.assetcatalog; path = Assets.xcassets; sourceTree = "<group>"; };
		CE8929902A6DF4D00088081D /* Base */ = {isa = PBXFileReference; lastKnownFileType = file.storyboard; name = Base; path = Base.lproj/LaunchScreen.storyboard; sourceTree = "<group>"; };
		CE8929922A6DF4D00088081D /* Info.plist */ = {isa = PBXFileReference; lastKnownFileType = text.plist.xml; path = Info.plist; sourceTree = "<group>"; };
		CE8929BE2A6EB7FA0088081D /* TabBarController.swift */ = {isa = PBXFileReference; lastKnownFileType = sourcecode.swift; path = TabBarController.swift; sourceTree = "<group>"; };
/* End PBXFileReference section */

/* Begin PBXFrameworksBuildPhase section */
		CE89297E2A6DF4CF0088081D /* Frameworks */ = {
			isa = PBXFrameworksBuildPhase;
			buildActionMask = 2147483647;
			files = (
			);
			runOnlyForDeploymentPostprocessing = 0;
		};
/* End PBXFrameworksBuildPhase section */

/* Begin PBXGroup section */
		CE601B4A2A6F39AD00AC4DCD /* Controllers */ = {
			isa = PBXGroup;
			children = (
				CE601B882A71F7BC00AC4DCD /* Navigation */,
				CE601B5B2A6F42D300AC4DCD /* Settings */,
				CE601B5A2A6F42CA00AC4DCD /* Progress */,
				CE601B592A6F42BF00AC4DCD /* Session */,
				CE601B572A6F42A000AC4DCD /* Overview */,
				CE601B542A6F425500AC4DCD /* Base */,
			);
			path = Controllers;
			sourceTree = "<group>";
		};
		CE601B542A6F425500AC4DCD /* Base */ = {
			isa = PBXGroup;
			children = (
				CE601B8D2A7205C900AC4DCD /* Views */,
				CE601B4E2A6F3A1800AC4DCD /* BaseController.swift */,
				CE601B762A706B5000AC4DCD /* BaseView.swift */,
			);
			path = Base;
			sourceTree = "<group>";
		};
		CE601B572A6F42A000AC4DCD /* Overview */ = {
			isa = PBXGroup;
			children = (
				CE8929882A6DF4CF0088081D /* OverviewController.swift */,
				CE601B6C2A70355600AC4DCD /* Views */,
			);
			path = Overview;
			sourceTree = "<group>";
		};
		CE601B592A6F42BF00AC4DCD /* Session */ = {
			isa = PBXGroup;
			children = (
				CE601B6A2A7016CD00AC4DCD /* SessionController.swift */,
			);
			path = Session;
			sourceTree = "<group>";
		};
		CE601B5A2A6F42CA00AC4DCD /* Progress */ = {
			isa = PBXGroup;
			children = (
				CE601B662A70169A00AC4DCD /* ProgressController.swift */,
			);
			path = Progress;
			sourceTree = "<group>";
		};
		CE601B5B2A6F42D300AC4DCD /* Settings */ = {
			isa = PBXGroup;
			children = (
				CE601B642A70168B00AC4DCD /* SettingsController.swift */,
			);
			path = Settings;
			sourceTree = "<group>";
		};
		CE601B6C2A70355600AC4DCD /* Views */ = {
			isa = PBXGroup;
			children = (
				CE601B7D2A7197D600AC4DCD /* WeekView */,
				CE601B702A7035AB00AC4DCD /* SecondaryButton.swift */,
				CE601B722A706ACA00AC4DCD /* OverviewNavBar.swift */,
			);
			path = Views;
			sourceTree = "<group>";
		};
		CE601B7D2A7197D600AC4DCD /* WeekView */ = {
			isa = PBXGroup;
			children = (
				CE601B7E2A7197E300AC4DCD /* WeekView.swift */,
				CE601B822A71A4FD00AC4DCD /* WeekdayView.swift */,
			);
			path = WeekView;
			sourceTree = "<group>";
		};
		CE601B882A71F7BC00AC4DCD /* Navigation */ = {
			isa = PBXGroup;
			children = (
				CE601B482A6F36C500AC4DCD /* NavBarController.swift */,
				CE8929BE2A6EB7FA0088081D /* TabBarController.swift */,
			);
			path = Navigation;
			sourceTree = "<group>";
		};
		CE601B8D2A7205C900AC4DCD /* Views */ = {
			isa = PBXGroup;
			children = (
				CE601B8E2A7205D900AC4DCD /* BaseInfoView.swift */,
			);
			path = Views;
			sourceTree = "<group>";
		};
		CE6931E82A6F02E700851F22 /* Helpers */ = {
			isa = PBXGroup;
			children = (
				CE6931EF2A6F052500851F22 /* R.swift */,
				CE6931EB2A6F030B00851F22 /* Extention */,
			);
			path = Helpers;
			sourceTree = "<group>";
		};
		CE6931EB2A6F030B00851F22 /* Extention */ = {
			isa = PBXGroup;
			children = (
				CE6931E92A6F02F800851F22 /* UIColor+ext.swift */,
				CE601B522A6F3F4B00AC4DCD /* UIView+ext.swift */,
				CE601B862A71E72100AC4DCD /* Date+ext.swift */,
			);
			path = Extention;
			sourceTree = "<group>";
		};
		CE8929782A6DF4CF0088081D = {
			isa = PBXGroup;
			children = (
				CE8929832A6DF4CF0088081D /* GSLP 3x5 */,
				CE8929822A6DF4CF0088081D /* Products */,
			);
			sourceTree = "<group>";
		};
		CE8929822A6DF4CF0088081D /* Products */ = {
			isa = PBXGroup;
			children = (
				CE8929812A6DF4CF0088081D /* GSLP 3x5.app */,
			);
			name = Products;
			sourceTree = "<group>";
		};
		CE8929832A6DF4CF0088081D /* GSLP 3x5 */ = {
			isa = PBXGroup;
			children = (
				CE6931E82A6F02E700851F22 /* Helpers */,
				CE8929BA2A6DF82B0088081D /* SupportingFIles */,
				CE8929B92A6DF7BB0088081D /* Application */,
				CE601B4A2A6F39AD00AC4DCD /* Controllers */,
			);
			path = "GSLP 3x5";
			sourceTree = "<group>";
		};
		CE8929B92A6DF7BB0088081D /* Application */ = {
			isa = PBXGroup;
			children = (
				CE8929842A6DF4CF0088081D /* AppDelegate.swift */,
				CE8929862A6DF4CF0088081D /* SceneDelegate.swift */,
			);
			path = Application;
			sourceTree = "<group>";
		};
		CE8929BA2A6DF82B0088081D /* SupportingFIles */ = {
			isa = PBXGroup;
			children = (
				CE8929922A6DF4D00088081D /* Info.plist */,
				CE89298F2A6DF4D00088081D /* LaunchScreen.storyboard */,
				CE89298D2A6DF4D00088081D /* Assets.xcassets */,
			);
			path = SupportingFIles;
			sourceTree = "<group>";
		};
/* End PBXGroup section */

/* Begin PBXNativeTarget section */
		CE8929802A6DF4CF0088081D /* GSLP 3x5 */ = {
			isa = PBXNativeTarget;
			buildConfigurationList = CE8929952A6DF4D00088081D /* Build configuration list for PBXNativeTarget "GSLP 3x5" */;
			buildPhases = (
				CE89297D2A6DF4CF0088081D /* Sources */,
				CE89297E2A6DF4CF0088081D /* Frameworks */,
				CE89297F2A6DF4CF0088081D /* Resources */,
			);
			buildRules = (
			);
			dependencies = (
			);
			name = "GSLP 3x5";
			productName = "GSLP 3x5";
			productReference = CE8929812A6DF4CF0088081D /* GSLP 3x5.app */;
			productType = "com.apple.product-type.application";
		};
/* End PBXNativeTarget section */

/* Begin PBXProject section */
		CE8929792A6DF4CF0088081D /* Project object */ = {
			isa = PBXProject;
			attributes = {
				BuildIndependentTargetsInParallel = 1;
				LastSwiftUpdateCheck = 1500;
				LastUpgradeCheck = 1500;
				TargetAttributes = {
					CE8929802A6DF4CF0088081D = {
						CreatedOnToolsVersion = 15.0;
					};
				};
			};
			buildConfigurationList = CE89297C2A6DF4CF0088081D /* Build configuration list for PBXProject "GSLP 3x5" */;
			compatibilityVersion = "Xcode 14.0";
			developmentRegion = en;
			hasScannedForEncodings = 0;
			knownRegions = (
				en,
				Base,
			);
			mainGroup = CE8929782A6DF4CF0088081D;
			productRefGroup = CE8929822A6DF4CF0088081D /* Products */;
			projectDirPath = "";
			projectRoot = "";
			targets = (
				CE8929802A6DF4CF0088081D /* GSLP 3x5 */,
			);
		};
/* End PBXProject section */

/* Begin PBXResourcesBuildPhase section */
		CE89297F2A6DF4CF0088081D /* Resources */ = {
			isa = PBXResourcesBuildPhase;
			buildActionMask = 2147483647;
			files = (
				CE8929912A6DF4D00088081D /* LaunchScreen.storyboard in Resources */,
				CE89298E2A6DF4D00088081D /* Assets.xcassets in Resources */,
			);
			runOnlyForDeploymentPostprocessing = 0;
		};
/* End PBXResourcesBuildPhase section */

/* Begin PBXSourcesBuildPhase section */
		CE89297D2A6DF4CF0088081D /* Sources */ = {
			isa = PBXSourcesBuildPhase;
			buildActionMask = 2147483647;
			files = (
				CE601B7F2A7197E300AC4DCD /* WeekView.swift in Sources */,
				CE8929892A6DF4CF0088081D /* OverviewController.swift in Sources */,
				CE8929BF2A6EB7FA0088081D /* TabBarController.swift in Sources */,
				CE601B732A706ACA00AC4DCD /* OverviewNavBar.swift in Sources */,
				CE8929852A6DF4CF0088081D /* AppDelegate.swift in Sources */,
				CE601B492A6F36C500AC4DCD /* NavBarController.swift in Sources */,
				CE6931F02A6F052500851F22 /* R.swift in Sources */,
				CE601B672A70169A00AC4DCD /* ProgressController.swift in Sources */,
				CE601B712A7035AB00AC4DCD /* SecondaryButton.swift in Sources */,
				CE601B8F2A7205D900AC4DCD /* BaseInfoView.swift in Sources */,
				CE601B872A71E72100AC4DCD /* Date+ext.swift in Sources */,
				CE8929872A6DF4CF0088081D /* SceneDelegate.swift in Sources */,
				CE601B652A70168B00AC4DCD /* SettingsController.swift in Sources */,
				CE601B532A6F3F4B00AC4DCD /* UIView+ext.swift in Sources */,
				CE601B4F2A6F3A1800AC4DCD /* BaseController.swift in Sources */,
				CE601B772A706B5100AC4DCD /* BaseView.swift in Sources */,
				CE601B832A71A4FD00AC4DCD /* WeekdayView.swift in Sources */,
				CE601B6B2A7016CD00AC4DCD /* SessionController.swift in Sources */,
				CE6931EA2A6F02F800851F22 /* UIColor+ext.swift in Sources */,
			);
			runOnlyForDeploymentPostprocessing = 0;
		};
/* End PBXSourcesBuildPhase section */

/* Begin PBXVariantGroup section */
		CE89298F2A6DF4D00088081D /* LaunchScreen.storyboard */ = {
			isa = PBXVariantGroup;
			children = (
				CE8929902A6DF4D00088081D /* Base */,
			);
			name = LaunchScreen.storyboard;
			sourceTree = "<group>";
		};
/* End PBXVariantGroup section */

/* Begin XCBuildConfiguration section */
		CE8929932A6DF4D00088081D /* Debug */ = {
			isa = XCBuildConfiguration;
			buildSettings = {
				ALWAYS_SEARCH_USER_PATHS = NO;
				ASSETCATALOG_COMPILER_GENERATE_SWIFT_ASSET_SYMBOL_EXTENSIONS = YES;
				CLANG_ANALYZER_NONNULL = YES;
				CLANG_ANALYZER_NUMBER_OBJECT_CONVERSION = YES_AGGRESSIVE;
				CLANG_CXX_LANGUAGE_STANDARD = "gnu++20";
				CLANG_ENABLE_MODULES = YES;
				CLANG_ENABLE_OBJC_ARC = YES;
				CLANG_ENABLE_OBJC_WEAK = YES;
				CLANG_WARN_BLOCK_CAPTURE_AUTORELEASING = YES;
				CLANG_WARN_BOOL_CONVERSION = YES;
				CLANG_WARN_COMMA = YES;
				CLANG_WARN_CONSTANT_CONVERSION = YES;
				CLANG_WARN_DEPRECATED_OBJC_IMPLEMENTATIONS = YES;
				CLANG_WARN_DIRECT_OBJC_ISA_USAGE = YES_ERROR;
				CLANG_WARN_DOCUMENTATION_COMMENTS = YES;
				CLANG_WARN_EMPTY_BODY = YES;
				CLANG_WARN_ENUM_CONVERSION = YES;
				CLANG_WARN_INFINITE_RECURSION = YES;
				CLANG_WARN_INT_CONVERSION = YES;
				CLANG_WARN_NON_LITERAL_NULL_CONVERSION = YES;
				CLANG_WARN_OBJC_IMPLICIT_RETAIN_SELF = YES;
				CLANG_WARN_OBJC_LITERAL_CONVERSION = YES;
				CLANG_WARN_OBJC_ROOT_CLASS = YES_ERROR;
				CLANG_WARN_QUOTED_INCLUDE_IN_FRAMEWORK_HEADER = YES;
				CLANG_WARN_RANGE_LOOP_ANALYSIS = YES;
				CLANG_WARN_STRICT_PROTOTYPES = YES;
				CLANG_WARN_SUSPICIOUS_MOVE = YES;
				CLANG_WARN_UNGUARDED_AVAILABILITY = YES_AGGRESSIVE;
				CLANG_WARN_UNREACHABLE_CODE = YES;
				CLANG_WARN__DUPLICATE_METHOD_MATCH = YES;
				COPY_PHASE_STRIP = NO;
				DEBUG_INFORMATION_FORMAT = dwarf;
				ENABLE_STRICT_OBJC_MSGSEND = YES;
				ENABLE_TESTABILITY = YES;
				ENABLE_USER_SCRIPT_SANDBOXING = YES;
				GCC_C_LANGUAGE_STANDARD = gnu17;
				GCC_DYNAMIC_NO_PIC = NO;
				GCC_NO_COMMON_BLOCKS = YES;
				GCC_OPTIMIZATION_LEVEL = 0;
				GCC_PREPROCESSOR_DEFINITIONS = (
					"DEBUG=1",
					"$(inherited)",
				);
				GCC_WARN_64_TO_32_BIT_CONVERSION = YES;
				GCC_WARN_ABOUT_RETURN_TYPE = YES_ERROR;
				GCC_WARN_UNDECLARED_SELECTOR = YES;
				GCC_WARN_UNINITIALIZED_AUTOS = YES_AGGRESSIVE;
				GCC_WARN_UNUSED_FUNCTION = YES;
				GCC_WARN_UNUSED_VARIABLE = YES;
				IPHONEOS_DEPLOYMENT_TARGET = 17.0;
				LOCALIZATION_PREFERS_STRING_CATALOGS = YES;
				MTL_ENABLE_DEBUG_INFO = INCLUDE_SOURCE;
				MTL_FAST_MATH = YES;
				ONLY_ACTIVE_ARCH = YES;
				SDKROOT = iphoneos;
				SWIFT_ACTIVE_COMPILATION_CONDITIONS = "DEBUG $(inherited)";
				SWIFT_OPTIMIZATION_LEVEL = "-Onone";
			};
			name = Debug;
		};
		CE8929942A6DF4D00088081D /* Release */ = {
			isa = XCBuildConfiguration;
			buildSettings = {
				ALWAYS_SEARCH_USER_PATHS = NO;
				ASSETCATALOG_COMPILER_GENERATE_SWIFT_ASSET_SYMBOL_EXTENSIONS = YES;
				CLANG_ANALYZER_NONNULL = YES;
				CLANG_ANALYZER_NUMBER_OBJECT_CONVERSION = YES_AGGRESSIVE;
				CLANG_CXX_LANGUAGE_STANDARD = "gnu++20";
				CLANG_ENABLE_MODULES = YES;
				CLANG_ENABLE_OBJC_ARC = YES;
				CLANG_ENABLE_OBJC_WEAK = YES;
				CLANG_WARN_BLOCK_CAPTURE_AUTORELEASING = YES;
				CLANG_WARN_BOOL_CONVERSION = YES;
				CLANG_WARN_COMMA = YES;
				CLANG_WARN_CONSTANT_CONVERSION = YES;
				CLANG_WARN_DEPRECATED_OBJC_IMPLEMENTATIONS = YES;
				CLANG_WARN_DIRECT_OBJC_ISA_USAGE = YES_ERROR;
				CLANG_WARN_DOCUMENTATION_COMMENTS = YES;
				CLANG_WARN_EMPTY_BODY = YES;
				CLANG_WARN_ENUM_CONVERSION = YES;
				CLANG_WARN_INFINITE_RECURSION = YES;
				CLANG_WARN_INT_CONVERSION = YES;
				CLANG_WARN_NON_LITERAL_NULL_CONVERSION = YES;
				CLANG_WARN_OBJC_IMPLICIT_RETAIN_SELF = YES;
				CLANG_WARN_OBJC_LITERAL_CONVERSION = YES;
				CLANG_WARN_OBJC_ROOT_CLASS = YES_ERROR;
				CLANG_WARN_QUOTED_INCLUDE_IN_FRAMEWORK_HEADER = YES;
				CLANG_WARN_RANGE_LOOP_ANALYSIS = YES;
				CLANG_WARN_STRICT_PROTOTYPES = YES;
				CLANG_WARN_SUSPICIOUS_MOVE = YES;
				CLANG_WARN_UNGUARDED_AVAILABILITY = YES_AGGRESSIVE;
				CLANG_WARN_UNREACHABLE_CODE = YES;
				CLANG_WARN__DUPLICATE_METHOD_MATCH = YES;
				COPY_PHASE_STRIP = NO;
				DEBUG_INFORMATION_FORMAT = "dwarf-with-dsym";
				ENABLE_NS_ASSERTIONS = NO;
				ENABLE_STRICT_OBJC_MSGSEND = YES;
				ENABLE_USER_SCRIPT_SANDBOXING = YES;
				GCC_C_LANGUAGE_STANDARD = gnu17;
				GCC_NO_COMMON_BLOCKS = YES;
				GCC_WARN_64_TO_32_BIT_CONVERSION = YES;
				GCC_WARN_ABOUT_RETURN_TYPE = YES_ERROR;
				GCC_WARN_UNDECLARED_SELECTOR = YES;
				GCC_WARN_UNINITIALIZED_AUTOS = YES_AGGRESSIVE;
				GCC_WARN_UNUSED_FUNCTION = YES;
				GCC_WARN_UNUSED_VARIABLE = YES;
				IPHONEOS_DEPLOYMENT_TARGET = 17.0;
				LOCALIZATION_PREFERS_STRING_CATALOGS = YES;
				MTL_ENABLE_DEBUG_INFO = NO;
				MTL_FAST_MATH = YES;
				SDKROOT = iphoneos;
				SWIFT_COMPILATION_MODE = wholemodule;
				VALIDATE_PRODUCT = YES;
			};
			name = Release;
		};
		CE8929962A6DF4D00088081D /* Debug */ = {
			isa = XCBuildConfiguration;
			buildSettings = {
				ASSETCATALOG_COMPILER_APPICON_NAME = AppIcon;
				ASSETCATALOG_COMPILER_GLOBAL_ACCENT_COLOR_NAME = AccentColor;
				CODE_SIGN_STYLE = Automatic;
				CURRENT_PROJECT_VERSION = 1;
				DEVELOPMENT_TEAM = 8NG24992XA;
				GENERATE_INFOPLIST_FILE = YES;
				INFOPLIST_FILE = "GSLP 3x5/SupportingFiles/Info.plist";
				INFOPLIST_KEY_UIApplicationSupportsIndirectInputEvents = YES;
				INFOPLIST_KEY_UILaunchStoryboardName = LaunchScreen;
				INFOPLIST_KEY_UIMainStoryboardFile = "";
				INFOPLIST_KEY_UISupportedInterfaceOrientations = UIInterfaceOrientationPortrait;
				INFOPLIST_KEY_UISupportedInterfaceOrientations_iPad = "UIInterfaceOrientationLandscapeLeft UIInterfaceOrientationLandscapeRight UIInterfaceOrientationPortrait UIInterfaceOrientationPortraitUpsideDown";
				LD_RUNPATH_SEARCH_PATHS = (
					"$(inherited)",
					"@executable_path/Frameworks",
				);
				MARKETING_VERSION = 1.0;
				PRODUCT_BUNDLE_IDENTIFIER = "Nazar-Fomenchuk.GSLP-3x5";
				PRODUCT_NAME = "$(TARGET_NAME)";
				SUPPORTED_PLATFORMS = "iphoneos iphonesimulator";
				SUPPORTS_MACCATALYST = NO;
				SUPPORTS_MAC_DESIGNED_FOR_IPHONE_IPAD = NO;
				SUPPORTS_XR_DESIGNED_FOR_IPHONE_IPAD = NO;
				SWIFT_EMIT_LOC_STRINGS = YES;
				SWIFT_VERSION = 5.0;
				TARGETED_DEVICE_FAMILY = 1;
			};
			name = Debug;
		};
		CE8929972A6DF4D00088081D /* Release */ = {
			isa = XCBuildConfiguration;
			buildSettings = {
				ASSETCATALOG_COMPILER_APPICON_NAME = AppIcon;
				ASSETCATALOG_COMPILER_GLOBAL_ACCENT_COLOR_NAME = AccentColor;
				CODE_SIGN_STYLE = Automatic;
				CURRENT_PROJECT_VERSION = 1;
				DEVELOPMENT_TEAM = 8NG24992XA;
				GENERATE_INFOPLIST_FILE = YES;
				INFOPLIST_FILE = "GSLP 3x5/SupportingFiles/Info.plist";
				INFOPLIST_KEY_UIApplicationSupportsIndirectInputEvents = YES;
				INFOPLIST_KEY_UILaunchStoryboardName = LaunchScreen;
				INFOPLIST_KEY_UIMainStoryboardFile = "";
				INFOPLIST_KEY_UISupportedInterfaceOrientations = UIInterfaceOrientationPortrait;
				INFOPLIST_KEY_UISupportedInterfaceOrientations_iPad = "UIInterfaceOrientationLandscapeLeft UIInterfaceOrientationLandscapeRight UIInterfaceOrientationPortrait UIInterfaceOrientationPortraitUpsideDown";
				LD_RUNPATH_SEARCH_PATHS = (
					"$(inherited)",
					"@executable_path/Frameworks",
				);
				MARKETING_VERSION = 1.0;
				PRODUCT_BUNDLE_IDENTIFIER = "Nazar-Fomenchuk.GSLP-3x5";
				PRODUCT_NAME = "$(TARGET_NAME)";
				SUPPORTED_PLATFORMS = "iphoneos iphonesimulator";
				SUPPORTS_MACCATALYST = NO;
				SUPPORTS_MAC_DESIGNED_FOR_IPHONE_IPAD = NO;
				SUPPORTS_XR_DESIGNED_FOR_IPHONE_IPAD = NO;
				SWIFT_EMIT_LOC_STRINGS = YES;
				SWIFT_VERSION = 5.0;
				TARGETED_DEVICE_FAMILY = 1;
			};
			name = Release;
		};
/* End XCBuildConfiguration section */

/* Begin XCConfigurationList section */
		CE89297C2A6DF4CF0088081D /* Build configuration list for PBXProject "GSLP 3x5" */ = {
			isa = XCConfigurationList;
			buildConfigurations = (
				CE8929932A6DF4D00088081D /* Debug */,
				CE8929942A6DF4D00088081D /* Release */,
			);
			defaultConfigurationIsVisible = 0;
			defaultConfigurationName = Release;
		};
		CE8929952A6DF4D00088081D /* Build configuration list for PBXNativeTarget "GSLP 3x5" */ = {
			isa = XCConfigurationList;
			buildConfigurations = (
				CE8929962A6DF4D00088081D /* Debug */,
				CE8929972A6DF4D00088081D /* Release */,
			);
			defaultConfigurationIsVisible = 0;
			defaultConfigurationName = Release;
		};
/* End XCConfigurationList section */
	};
	rootObject = CE8929792A6DF4CF0088081D /* Project object */;
}
